<?xml version="1.0" encoding="utf-8"?>
<Project ToolsVersion="4.0" xmlns="http://schemas.microsoft.com/developer/msbuild/2003">
  <ItemGroup>
    <Filter Include="include">
      <UniqueIdentifier>{65dd7a06-1f7d-4e2e-a3e8-d56d9d2ce4b9}</UniqueIdentifier>
    </Filter>
    <Filter Include="source">
      <UniqueIdentifier>{6a883c0c-7422-4ff2-a62f-c8b78fd9f94b}</UniqueIdentifier>
    </Filter>
    <Filter Include="include\core">
      <UniqueIdentifier>{5b9dbf72-d878-497d-b3b1-cc8c8e304e4a}</UniqueIdentifier>
    </Filter>
    <Filter Include="include\common">
      <UniqueIdentifier>{3107c42a-44f2-436e-b20d-b31bf611fd69}</UniqueIdentifier>
    </Filter>
    <Filter Include="include\common\locale">
      <UniqueIdentifier>{51aaaf4c-ed27-4c0d-90b8-3cc80ac7a092}</UniqueIdentifier>
    </Filter>
    <Filter Include="source\hdf">
      <UniqueIdentifier>{e4edd400-acc6-4a7f-a52e-08ff9dd85bb9}</UniqueIdentifier>
    </Filter>
    <Filter Include="include\core\hdf">
      <UniqueIdentifier>{bb360a51-a554-46a7-a6f6-c5e84f02ae56}</UniqueIdentifier>
    </Filter>
    <Filter Include="include\core\io">
      <UniqueIdentifier>{125b1068-f0df-4e9f-a3c7-d332c2a361e4}</UniqueIdentifier>
    </Filter>
    <Filter Include="resources">
      <UniqueIdentifier>{fa8207d3-10e0-4e31-8715-b4a6215320c0}</UniqueIdentifier>
    </Filter>
  </ItemGroup>
  <ItemGroup>
    <ClInclude Include="CFileSystem.h">
      <Filter>source</Filter>
    </ClInclude>
    <ClInclude Include="..\..\include\hrengin\core\ILogger.h">
      <Filter>include\core</Filter>
    </ClInclude>
    <ClInclude Include="..\..\include\hrengin\core\IModel.h">
      <Filter>include\core</Filter>
    </ClInclude>
    <ClInclude Include="..\..\include\hrengin\core\IModelLoader.h">
      <Filter>include\core</Filter>
    </ClInclude>
    <ClInclude Include="..\..\include\hrengin\common\api.h">
      <Filter>include\common</Filter>
    </ClInclude>
    <ClInclude Include="..\..\include\hrengin\common\config.h">
      <Filter>include\common</Filter>
    </ClInclude>
    <ClInclude Include="..\..\include\hrengin\common\Line3d.h">
      <Filter>include\common</Filter>
    </ClInclude>
    <ClInclude Include="..\..\include\hrengin\common\macro.h">
      <Filter>include\common</Filter>
    </ClInclude>
    <ClInclude Include="..\..\include\hrengin\common\math.h">
      <Filter>include\common</Filter>
    </ClInclude>
    <ClInclude Include="..\..\include\hrengin\common\time.h">
      <Filter>include\common</Filter>
    </ClInclude>
    <ClInclude Include="..\..\include\hrengin\common\types.h">
      <Filter>include\common</Filter>
    </ClInclude>
    <ClInclude Include="..\..\include\hrengin\common\Vector2d.h">
      <Filter>include\common</Filter>
    </ClInclude>
    <ClInclude Include="..\..\include\hrengin\common\Vector3d.h">
      <Filter>include\common</Filter>
    </ClInclude>
    <ClInclude Include="..\..\include\hrengin\common\Rect.h">
      <Filter>include\common</Filter>
    </ClInclude>
    <ClInclude Include="..\..\include\hrengin\core\IShell.h">
      <Filter>include\core</Filter>
    </ClInclude>
    <ClInclude Include="CHrenginShell.h">
      <Filter>source</Filter>
    </ClInclude>
    <ClInclude Include="..\..\include\hrengin\common\nowide.h">
      <Filter>include\common\locale</Filter>
    </ClInclude>
    <ClInclude Include="..\..\include\hrengin\common\locale.h">
      <Filter>include\common\locale</Filter>
    </ClInclude>
    <ClInclude Include="CLogger.h">
      <Filter>source</Filter>
    </ClInclude>
    <ClInclude Include="..\..\include\hrengin\core\IProgram.h">
      <Filter>include\core</Filter>
    </ClInclude>
    <ClInclude Include="..\..\include\hrengin\core\ISettingsManager.h">
      <Filter>include\core</Filter>
    </ClInclude>
    <ClInclude Include="..\..\include\hrengin\common\PodString.h">
      <Filter>include\common</Filter>
    </ClInclude>
    <ClInclude Include="CSettingsManager.h">
      <Filter>source</Filter>
    </ClInclude>
    <ClInclude Include="..\..\include\hrengin\common\singleton.h">
      <Filter>include\common</Filter>
    </ClInclude>
    <ClInclude Include="CHDFParser.h">
      <Filter>source\hdf</Filter>
    </ClInclude>
    <ClInclude Include="..\..\include\hrengin\core\IHDFParser.h">
      <Filter>include\core\hdf</Filter>
    </ClInclude>
    <ClInclude Include="..\..\include\hrengin\core\IntegerReader.h">
      <Filter>include\core\io</Filter>
    </ClInclude>
    <ClInclude Include="..\..\include\hrengin\core\IFileSystem.h">
      <Filter>include\core\io</Filter>
    </ClInclude>
    <ClInclude Include="..\..\include\hrengin\core\hdf_node.h">
      <Filter>include\core\hdf</Filter>
    </ClInclude>
    <ClInclude Include="..\..\include\hrengin\core\hdf_value.h">
      <Filter>include\core\hdf</Filter>
    </ClInclude>
    <ClInclude Include="..\..\include\hrengin\common\stringutils.h">
      <Filter>include\common</Filter>
    </ClInclude>
    <ClInclude Include="..\..\include\hrengin\core\IHDFTreeReader.h">
      <Filter>include\core\hdf</Filter>
    </ClInclude>
    <ClInclude Include="..\..\include\hrengin\core\IHDFTreeWriter.h">
      <Filter>include\core\hdf</Filter>
    </ClInclude>
    <ClInclude Include="..\..\include\hrengin\core\IHDFWriter.h">
      <Filter>include\core\hdf</Filter>
    </ClInclude>
    <ClInclude Include="..\..\include\hrengin\core\hdf_shared.h">
      <Filter>include\core\hdf</Filter>
    </ClInclude>
    <ClInclude Include="..\..\include\hrengin\header_preset.h">
      <Filter>resources</Filter>
    </ClInclude>
    <ClInclude Include="..\..\include\hrengin\resources\default_settings.h">
      <Filter>resources</Filter>
    </ClInclude>
    <ClInclude Include="CHrenginPackage.h">
      <Filter>source</Filter>
    </ClInclude>
    <ClInclude Include="..\..\include\hrengin\common\Matrix4.h">
      <Filter>include\common</Filter>
    </ClInclude>
    <ClInclude Include="..\..\include\hrengin\core\models.h">
      <Filter>include\core</Filter>
    </ClInclude>
    <ClInclude Include="..\..\include\hrengin\common\Quaternion.h">
      <Filter>include\common</Filter>
    </ClInclude>
    <ClInclude Include="CModelLoader.h">
      <Filter>source</Filter>
    </ClInclude>
    <ClInclude Include="CModel.h">
      <Filter>source</Filter>
    </ClInclude>
    <ClInclude Include="..\..\include\hrengin\core\IHrenginPackage.h">
      <Filter>include\core</Filter>
    </ClInclude>
    <ClInclude Include="..\..\include\hrengin\core\paths.h">
      <Filter>include\core\io</Filter>
    </ClInclude>
  </ItemGroup>
  <ItemGroup>
    <ClCompile Include="CFileSystem.cpp">
      <Filter>source</Filter>
    </ClCompile>
    <ClCompile Include="CHrenginShell.cpp">
      <Filter>source</Filter>
    </ClCompile>
    <ClCompile Include="CLogger.cpp">
      <Filter>source</Filter>
    </ClCompile>
    <ClCompile Include="CSettingsManager.cpp">
      <Filter>source</Filter>
    </ClCompile>
    <ClCompile Include="CHDFParser.cpp">
      <Filter>source\hdf</Filter>
    </ClCompile>
    <ClCompile Include="CModelLoader.cpp">
      <Filter>source</Filter>
    </ClCompile>
    <ClCompile Include="stringutils.cpp" />
  </ItemGroup>
</Project>