<?xml version="1.0" encoding="utf-8"?>
<Project ToolsVersion="4.0" xmlns="http://schemas.microsoft.com/developer/msbuild/2003">
  <ItemGroup>
    <Filter Include="Source Files">
      <UniqueIdentifier>{4FC737F1-C7A5-4376-A066-2A32D752A2FF}</UniqueIdentifier>
      <Extensions>cpp;c;cc;cxx;def;odl;idl;hpj;bat;asm;asmx</Extensions>
    </Filter>
    <Filter Include="Source Files\Unit">
      <UniqueIdentifier>{13e65471-38b5-4a22-8bf2-15208d40ba73}</UniqueIdentifier>
    </Filter>
  </ItemGroup>
  <ItemGroup>
    <ClCompile Include="awrts.cpp">
      <Filter>Source Files</Filter>
    </ClCompile>
    <ClCompile Include="Units\awUnit.cpp">
      <Filter>Source Files\Unit</Filter>
    </ClCompile>
    <ClCompile Include="Units\awUnitType.cpp">
      <Filter>Source Files\Unit</Filter>
    </ClCompile>
  </ItemGroup>
  <ItemGroup>
    <ClInclude Include="awMapManager.h">
      <Filter>Source Files</Filter>
    </ClInclude>
    <ClInclude Include="Units\awUnit.h">
      <Filter>Source Files\Unit</Filter>
    </ClInclude>
    <ClInclude Include="Units\awUnitType.h">
      <Filter>Source Files\Unit</Filter>
    </ClInclude>
  </ItemGroup>
</Project>