<?xml version="1.0" encoding="utf-8"?>
<Project ToolsVersion="4.0" xmlns="http://schemas.microsoft.com/developer/msbuild/2003">
  <ItemGroup>
    <Filter Include="Source Files">
      <UniqueIdentifier>{4FC737F1-C7A5-4376-A066-2A32D752A2FF}</UniqueIdentifier>
      <Extensions>cpp;c;cc;cxx;def;odl;idl;hpj;bat;asm;asmx</Extensions>
    </Filter>
    <Filter Include="Source Files\Units">
      <UniqueIdentifier>{13e65471-38b5-4a22-8bf2-15208d40ba73}</UniqueIdentifier>
    </Filter>
    <Filter Include="Source Files\Player">
      <UniqueIdentifier>{f768460c-5191-4999-9c02-3b3264bf8056}</UniqueIdentifier>
    </Filter>
  </ItemGroup>
  <ItemGroup>
    <ClCompile Include="Units\CUnit.cpp">
      <Filter>Source Files\Units</Filter>
    </ClCompile>
    <ClCompile Include="Units\CUnitType.cpp">
      <Filter>Source Files\Units</Filter>
    </ClCompile>
    <ClCompile Include="awrts.cpp">
      <Filter>Source Files</Filter>
    </ClCompile>
    <ClCompile Include="Players\CPlayerHuman.cpp">
      <Filter>Source Files\Player</Filter>
    </ClCompile>
    <ClCompile Include="CApplication.cpp">
      <Filter>Source Files</Filter>
    </ClCompile>
    <ClCompile Include="CMapManager.cpp">
      <Filter>Source Files</Filter>
    </ClCompile>
  </ItemGroup>
  <ItemGroup>
    <ClInclude Include="Units\CUnitType.h">
      <Filter>Source Files\Units</Filter>
    </ClInclude>
    <ClInclude Include="CMapManager.h">
      <Filter>Source Files</Filter>
    </ClInclude>
    <ClInclude Include="Players\IPlayer.h">
      <Filter>Source Files\Player</Filter>
    </ClInclude>
    <ClInclude Include="Players\CPlayerHuman.h">
      <Filter>Source Files\Player</Filter>
    </ClInclude>
    <ClInclude Include="awrts.h">
      <Filter>Source Files</Filter>
    </ClInclude>
    <ClInclude Include="Units\CUnit.h">
      <Filter>Source Files\Units</Filter>
    </ClInclude>
    <ClInclude Include="CApplication.h">
      <Filter>Source Files</Filter>
    </ClInclude>
  </ItemGroup>
</Project>