<?xml version="1.0" encoding="utf-8"?>
<Project ToolsVersion="4.0" xmlns="http://schemas.microsoft.com/developer/msbuild/2003">
  <ItemGroup>
    <Filter Include="include">
      <UniqueIdentifier>{62621ba1-4463-4525-a1c9-947e06bd99ba}</UniqueIdentifier>
    </Filter>
    <Filter Include="source">
      <UniqueIdentifier>{209fab34-c186-4572-a6c9-41ee05ff2435}</UniqueIdentifier>
    </Filter>
  </ItemGroup>
  <ItemGroup>
    <ClInclude Include="CSoundManager.h">
      <Filter>source</Filter>
    </ClInclude>
    <ClInclude Include="..\..\include\hrengin\sound\ISound.h">
      <Filter>include</Filter>
    </ClInclude>
    <ClInclude Include="..\..\include\hrengin\sound\ISoundManager.h">
      <Filter>include</Filter>
    </ClInclude>
  </ItemGroup>
  <ItemGroup>
    <ClCompile Include="CSoundManager.cpp">
      <Filter>source</Filter>
    </ClCompile>
  </ItemGroup>
</Project>