<?xml version="1.0" encoding="utf-8"?>
<Project ToolsVersion="4.0" xmlns="http://schemas.microsoft.com/developer/msbuild/2003">
  <ItemGroup>
    <None Include="todolist.txt" />
  </ItemGroup>
  <ItemGroup>
    <Filter Include="Include">
      <UniqueIdentifier>{752df3a9-e411-4fbd-9306-eb170f75499e}</UniqueIdentifier>
    </Filter>
    <Filter Include="Source">
      <UniqueIdentifier>{6b1b5ef3-275c-46e7-98c1-52a31d26463a}</UniqueIdentifier>
    </Filter>
    <Filter Include="Include\Base">
      <UniqueIdentifier>{939ecb4e-5268-48cd-a02c-14c42945011d}</UniqueIdentifier>
    </Filter>
    <Filter Include="Source\Base">
      <UniqueIdentifier>{1abbf53d-cb28-418a-9122-061c8b600a34}</UniqueIdentifier>
    </Filter>
    <Filter Include="Source\Graphics">
      <UniqueIdentifier>{b2f24e1b-beb8-4cf2-9e44-e7062fcb187a}</UniqueIdentifier>
    </Filter>
    <Filter Include="Source\Graphics\IrrExt">
      <UniqueIdentifier>{4d3c570b-7a60-4c03-b093-f59574dc6abd}</UniqueIdentifier>
    </Filter>
    <Filter Include="Include\Graphics">
      <UniqueIdentifier>{d1fd8c12-f5ce-4808-bc1b-1e97b9fdaabe}</UniqueIdentifier>
    </Filter>
    <Filter Include="Include\Base\Config">
      <UniqueIdentifier>{5faedb19-0576-4882-bf1b-a00f6c49e88f}</UniqueIdentifier>
    </Filter>
    <Filter Include="Include\Base\Math">
      <UniqueIdentifier>{bb938a4e-2992-4ddf-9c3e-b9e5be07bb33}</UniqueIdentifier>
    </Filter>
    <Filter Include="Include\Base\Entities">
      <UniqueIdentifier>{8355fa31-e8a1-40bf-b391-931ba225be34}</UniqueIdentifier>
    </Filter>
    <Filter Include="Include\Graphics\Base">
      <UniqueIdentifier>{6c391bcd-b53b-4c28-ba9c-a5ac2028e943}</UniqueIdentifier>
    </Filter>
    <Filter Include="Source\Internal">
      <UniqueIdentifier>{a88f5a14-2b65-4d73-9ec7-e1f5093a2717}</UniqueIdentifier>
    </Filter>
    <Filter Include="Include\Graphics\Nodes">
      <UniqueIdentifier>{ac6ede74-50bc-4bb5-89bc-5cf819e9368f}</UniqueIdentifier>
    </Filter>
    <Filter Include="Include\GUI">
      <UniqueIdentifier>{e2031358-1771-4f5d-8298-003cea1372d9}</UniqueIdentifier>
    </Filter>
    <Filter Include="Source\Graphics\Nodes">
      <UniqueIdentifier>{499aab5d-5370-4749-b2ee-26e77943dd70}</UniqueIdentifier>
    </Filter>
    <Filter Include="Include\AI">
      <UniqueIdentifier>{d420c61f-8931-4b6d-ab20-c2630e4ef00b}</UniqueIdentifier>
    </Filter>
    <Filter Include="Include\Physics">
      <UniqueIdentifier>{68504724-6af1-424f-96ce-72f5961195cf}</UniqueIdentifier>
    </Filter>
    <Filter Include="Include\Physics\Base">
      <UniqueIdentifier>{9c9fb47c-e1a6-4021-8ce4-b00f51e56dea}</UniqueIdentifier>
    </Filter>
    <Filter Include="Include\GUI\Base">
      <UniqueIdentifier>{ad9ed011-d13d-434a-b5c0-c653dbc273c9}</UniqueIdentifier>
    </Filter>
    <Filter Include="Source\Graphics\Base">
      <UniqueIdentifier>{aed2cd3b-0fc8-4046-8240-948b3c9f53bc}</UniqueIdentifier>
    </Filter>
    <Filter Include="Include\GUI\Input">
      <UniqueIdentifier>{ad6b8575-7bf2-4f1a-be03-65cd6a25046d}</UniqueIdentifier>
    </Filter>
    <Filter Include="Source\GUI">
      <UniqueIdentifier>{bae2e20b-1b6d-4c39-b657-1b93e92c6b63}</UniqueIdentifier>
    </Filter>
    <Filter Include="Source\GUI\Input">
      <UniqueIdentifier>{9790971a-294b-471c-8a78-d80b5c62a249}</UniqueIdentifier>
    </Filter>
    <Filter Include="Source\Physics">
      <UniqueIdentifier>{090b697a-91dc-450c-abae-52a8f3946a21}</UniqueIdentifier>
    </Filter>
    <Filter Include="Source\Physics\PhysicsNewton">
      <UniqueIdentifier>{fa9f9150-43e5-4c88-9427-21ffecfc6405}</UniqueIdentifier>
    </Filter>
    <Filter Include="Source\Physics\PhysicsHavok">
      <UniqueIdentifier>{0adbb987-1adf-4016-aa25-55d6a3a0895c}</UniqueIdentifier>
    </Filter>
    <Filter Include="Source\Physics\PhysicsHavok\Base">
      <UniqueIdentifier>{589d4ef3-675d-4257-9898-79469260e0a1}</UniqueIdentifier>
    </Filter>
    <Filter Include="Include\Physics\Nodes">
      <UniqueIdentifier>{4bd730be-7e65-45c3-aa21-a35ed338ef5b}</UniqueIdentifier>
    </Filter>
  </ItemGroup>
  <ItemGroup>
    <ClCompile Include="hrEngin.cpp">
      <Filter>Source</Filter>
    </ClCompile>
    <ClCompile Include="Base\hrcWorld.cpp">
      <Filter>Source\Base</Filter>
    </ClCompile>
    <ClCompile Include="Graphics\IrrExt\CSceneNodeAnimatorCameraRTS.cpp">
      <Filter>Source\Graphics\IrrExt</Filter>
    </ClCompile>
    <ClCompile Include="hrcEncore.cpp">
      <Filter>Source</Filter>
    </ClCompile>
    <ClCompile Include="Graphics\Nodes\hrcVisNode.cpp">
      <Filter>Source\Graphics\Nodes</Filter>
    </ClCompile>
    <ClCompile Include="Graphics\Nodes\hrcCameraNode.cpp">
      <Filter>Source\Graphics\Nodes</Filter>
    </ClCompile>
    <ClCompile Include="Graphics\Nodes\hrcLightNode.cpp">
      <Filter>Source\Graphics\Nodes</Filter>
    </ClCompile>
    <ClCompile Include="GUI\hrcGuiManager.cpp">
      <Filter>Source\GUI</Filter>
    </ClCompile>
    <ClCompile Include="Graphics\hrcVideoManager.cpp">
      <Filter>Source\Graphics</Filter>
    </ClCompile>
    <ClCompile Include="GUI\Input\hrcInputManager.cpp">
      <Filter>Source\GUI\Input</Filter>
    </ClCompile>
    <ClCompile Include="PhysicsHavok\hrcHavokPhysics.cpp">
      <Filter>Source\Physics\PhysicsHavok</Filter>
    </ClCompile>
    <ClCompile Include="PhysicsNewton\hrcNewtonPhysics.cpp">
      <Filter>Source\Physics\PhysicsNewton</Filter>
    </ClCompile>
  </ItemGroup>
  <ItemGroup>
    <ClInclude Include="..\..\include\hrEngin.h">
      <Filter>Include</Filter>
    </ClInclude>
    <ClInclude Include="Base\hrcWorld.h">
      <Filter>Source\Base</Filter>
    </ClInclude>
    <ClInclude Include="Graphics\IrrExt\CSceneNodeAnimatorCameraRTS.h">
      <Filter>Source\Graphics\IrrExt</Filter>
    </ClInclude>
    <ClInclude Include="..\..\include\Base\Config\hrConfig.h">
      <Filter>Include\Base\Config</Filter>
    </ClInclude>
    <ClInclude Include="..\..\include\Base\Config\hrVersions.h">
      <Filter>Include\Base\Config</Filter>
    </ClInclude>
    <ClInclude Include="..\..\include\Base\Math\hrMath.h">
      <Filter>Include\Base\Math</Filter>
    </ClInclude>
    <ClInclude Include="..\..\include\Base\hrTypes.h">
      <Filter>Include\Base</Filter>
    </ClInclude>
    <ClInclude Include="..\..\include\Base\Entities\hriWorld.h">
      <Filter>Include\Base\Entities</Filter>
    </ClInclude>
    <ClInclude Include="hrcEncore.h">
      <Filter>Source</Filter>
    </ClInclude>
    <ClInclude Include="..\..\include\Base\hriEncore.h">
      <Filter>Include\Base</Filter>
    </ClInclude>
    <ClInclude Include="..\..\include\Graphics\Base\hriSceneNode.h">
      <Filter>Include\Graphics\Base</Filter>
    </ClInclude>
    <ClInclude Include="..\..\include\Graphics\Base\hriVideoManager.h">
      <Filter>Include\Graphics\Base</Filter>
    </ClInclude>
    <ClInclude Include="..\..\include\Graphics\Nodes\hriCameraNode.h">
      <Filter>Include\Graphics\Nodes</Filter>
    </ClInclude>
    <ClInclude Include="..\..\include\Graphics\Nodes\hriVisNode.h">
      <Filter>Include\Graphics\Nodes</Filter>
    </ClInclude>
    <ClInclude Include="..\..\include\Graphics\Nodes\hriLightNode.h">
      <Filter>Include\Graphics\Nodes</Filter>
    </ClInclude>
    <ClInclude Include="..\..\include\Base\hriEntityManager.h">
      <Filter>Include\Base</Filter>
    </ClInclude>
    <ClInclude Include="Graphics\Nodes\hrcVisNode.h">
      <Filter>Source\Graphics\Nodes</Filter>
    </ClInclude>
    <ClInclude Include="..\..\include\Base\Entities\hriBaseEntity.h">
      <Filter>Include\Base\Entities</Filter>
    </ClInclude>
    <ClInclude Include="..\..\include\AI\hriBaseNavigator.h">
      <Filter>Include\AI</Filter>
    </ClInclude>
    <ClInclude Include="..\..\include\AI\hriBasePathfinder.h">
      <Filter>Include\AI</Filter>
    </ClInclude>
    <ClInclude Include="..\..\include\Base\hrVector2d.h">
      <Filter>Include\Base</Filter>
    </ClInclude>
    <ClInclude Include="..\..\include\Base\Config\HavokMagicSpells.h">
      <Filter>Include\Base\Config</Filter>
    </ClInclude>
    <ClInclude Include="..\..\include\Physics\Base\hriPhysicsManager.h">
      <Filter>Include\Physics\Base</Filter>
    </ClInclude>
    <ClInclude Include="..\..\include\GUI\Base\hriGUIManager.h">
      <Filter>Include\GUI\Base</Filter>
    </ClInclude>
    <ClInclude Include="..\..\include\Base\hrVector3d.h">
      <Filter>Include\Base</Filter>
    </ClInclude>
    <ClInclude Include="Internal\hrFilesystem.h">
      <Filter>Source\Internal</Filter>
    </ClInclude>
    <ClInclude Include="Graphics\Nodes\hrcCameraNode.h">
      <Filter>Source\Graphics\Nodes</Filter>
    </ClInclude>
    <ClInclude Include="..\..\include\GUI\Input\hriInputManager.h">
      <Filter>Include\GUI\Input</Filter>
    </ClInclude>
    <ClInclude Include="Graphics\Nodes\hrcLightNode.h">
      <Filter>Source\Graphics\Nodes</Filter>
    </ClInclude>
    <ClInclude Include="Graphics\hrcVideoManager.h">
      <Filter>Source\Graphics</Filter>
    </ClInclude>
    <ClInclude Include="GUI\Input\hrcInputManager.h">
      <Filter>Source\GUI\Input</Filter>
    </ClInclude>
    <ClInclude Include="GUI\hrcGuiManager.h">
      <Filter>Source\GUI</Filter>
    </ClInclude>
    <ClInclude Include="Internal\hrcInternalsManager.h">
      <Filter>Source\Internal</Filter>
    </ClInclude>
    <ClInclude Include="PhysicsHavok\hrcHavokPhysics.h">
      <Filter>Source\Physics\PhysicsHavok</Filter>
    </ClInclude>
    <ClInclude Include="Graphics\IrrExt\ISceneNodeAnimatorCameraRTS.h">
      <Filter>Source\Graphics\IrrExt</Filter>
    </ClInclude>
    <ClInclude Include="PhysicsNewton\hrcNewtonPhysics.h">
      <Filter>Source\Physics\PhysicsNewton</Filter>
    </ClInclude>
  </ItemGroup>
</Project>