<?xml version="1.0" encoding="utf-8"?>
<Project ToolsVersion="4.0" xmlns="http://schemas.microsoft.com/developer/msbuild/2003">
  <ItemGroup>
    <Filter Include="include">
      <UniqueIdentifier>{b269f5c6-b45b-492c-985d-2c2551f23da3}</UniqueIdentifier>
    </Filter>
    <Filter Include="source">
      <UniqueIdentifier>{62a86914-3ffc-40c7-801f-a38634763e82}</UniqueIdentifier>
    </Filter>
  </ItemGroup>
</Project>