<?xml version="1.0" encoding="utf-8"?>
<Project ToolsVersion="4.0" xmlns="http://schemas.microsoft.com/developer/msbuild/2003">
  <ItemGroup>
    <ClInclude Include="..\..\include\hrengin\platform\pointer_math.h">
      <Filter>include</Filter>
    </ClInclude>
  </ItemGroup>
  <ItemGroup>
    <Filter Include="include">
      <UniqueIdentifier>{b3e53d73-5f5c-42b1-b8f7-c85f26fc1353}</UniqueIdentifier>
    </Filter>
    <Filter Include="source">
      <UniqueIdentifier>{a93c0109-6852-48fa-adb4-bb7acaacc7f1}</UniqueIdentifier>
    </Filter>
  </ItemGroup>
  <ItemGroup>
    <ClCompile Include="windows\time.cpp">
      <Filter>source</Filter>
    </ClCompile>
  </ItemGroup>
</Project>