<?xml version="1.0" encoding="utf-8"?>
<Project ToolsVersion="4.0" xmlns="http://schemas.microsoft.com/developer/msbuild/2003">
  <ItemGroup>
    <Filter Include="include">
      <UniqueIdentifier>{490639f9-1b95-46d8-a541-a93afbd7037a}</UniqueIdentifier>
    </Filter>
    <Filter Include="source">
      <UniqueIdentifier>{3dac3c16-18ff-4851-b562-fa246cfc17a3}</UniqueIdentifier>
    </Filter>
  </ItemGroup>
  <ItemGroup>
    <ClInclude Include="CBulletPhysics.h">
      <Filter>source</Filter>
    </ClInclude>
    <ClInclude Include="CPhysicsPhantom.h">
      <Filter>source</Filter>
    </ClInclude>
    <ClInclude Include="..\..\include\hrengin\physics\IPhysicsManager.h">
      <Filter>include</Filter>
    </ClInclude>
    <ClInclude Include="CPhysicsBody.h">
      <Filter>source</Filter>
    </ClInclude>
    <ClInclude Include="..\..\include\hrengin\physics\IDebugDrawer.h">
      <Filter>include</Filter>
    </ClInclude>
    <ClInclude Include="CDebugDrawer.h">
      <Filter>source</Filter>
    </ClInclude>
    <ClInclude Include="hrToBullet.h">
      <Filter>source</Filter>
    </ClInclude>
    <ClInclude Include="..\..\include\hrengin\physics\IPhysicsWorld.h">
      <Filter>include</Filter>
    </ClInclude>
    <ClInclude Include="..\..\include\hrengin\physics\IRigidBody.h">
      <Filter>include</Filter>
    </ClInclude>
    <ClInclude Include="..\..\include\hrengin\physics\ICollisionPhantom.h">
      <Filter>include</Filter>
    </ClInclude>
    <ClInclude Include="..\..\include\hrengin\physics\ICollisionObject.h">
      <Filter>include</Filter>
    </ClInclude>
  </ItemGroup>
  <ItemGroup>
    <ClCompile Include="CBulletPhysics.cpp">
      <Filter>source</Filter>
    </ClCompile>
    <ClCompile Include="CPhysicsPhantom.cpp">
      <Filter>source</Filter>
    </ClCompile>
    <ClCompile Include="CPhysicsBody.cpp">
      <Filter>source</Filter>
    </ClCompile>
  </ItemGroup>
</Project>