<?xml version="1.0" encoding="utf-8"?>
<Project ToolsVersion="4.0" xmlns="http://schemas.microsoft.com/developer/msbuild/2003">
  <ItemGroup>
    <Filter Include="Resource Files">
      <UniqueIdentifier>{67DA6AB6-F800-4c08-8B7A-83BB121AAD01}</UniqueIdentifier>
      <Extensions>rc;ico;cur;bmp;dlg;rc2;rct;bin;rgs;gif;jpg;jpeg;jpe;resx;tiff;tif;png;wav;mfcribbon-ms</Extensions>
    </Filter>
    <Filter Include="Include">
      <UniqueIdentifier>{bd825287-4ace-43b7-8510-3ddf149a0303}</UniqueIdentifier>
    </Filter>
    <Filter Include="Source">
      <UniqueIdentifier>{6ce5a9a4-f6e1-4b17-9dad-7df435e9e786}</UniqueIdentifier>
    </Filter>
    <Filter Include="Source\Deprecated">
      <UniqueIdentifier>{cd60af36-1d45-48f7-9ab7-f3a85e2cf4dd}</UniqueIdentifier>
    </Filter>
    <Filter Include="Source\IrrExt">
      <UniqueIdentifier>{6462b165-24c9-4248-af37-46ddea08779d}</UniqueIdentifier>
    </Filter>
    <Filter Include="Include\IrrExt">
      <UniqueIdentifier>{0a10d35a-656b-4f23-a010-04a5a37b4802}</UniqueIdentifier>
    </Filter>
  </ItemGroup>
  <ItemGroup>
    <None Include="ReadMe.txt" />
  </ItemGroup>
  <ItemGroup>
    <ClInclude Include="..\..\include\hrGraphics\hriGraphicsCore.h">
      <Filter>Include</Filter>
    </ClInclude>
    <ClInclude Include="..\..\include\hrGraphics\hrGraphics.h">
      <Filter>Include</Filter>
    </ClInclude>
    <ClInclude Include="hrcGraphicsCore.h">
      <Filter>Source</Filter>
    </ClInclude>
    <ClInclude Include="Irr.h">
      <Filter>Source</Filter>
    </ClInclude>
    <ClInclude Include="..\..\include\hrGraphics\hriModel.h">
      <Filter>Include</Filter>
    </ClInclude>
    <ClInclude Include="hrcModel.h">
      <Filter>Source</Filter>
    </ClInclude>
    <ClInclude Include="IrrExt\CSceneNodeAnimatorCameraRTS.h">
      <Filter>Source\IrrExt</Filter>
    </ClInclude>
    <ClInclude Include="..\..\include\hrGraphics\IrrExt\ISceneNodeAnimatorCameraRTS.h">
      <Filter>Include\IrrExt</Filter>
    </ClInclude>
    <ClInclude Include="hrgGlobal.h">
      <Filter>Source</Filter>
    </ClInclude>
  </ItemGroup>
  <ItemGroup>
    <ClCompile Include="hrcGraphicsCore.cpp">
      <Filter>Source</Filter>
    </ClCompile>
    <ClCompile Include="hrGraphics.cpp">
      <Filter>Source</Filter>
    </ClCompile>
    <ClCompile Include="hrcModel.cpp">
      <Filter>Source</Filter>
    </ClCompile>
    <ClCompile Include="IrrExt\CSceneNodeAnimatorCameraRTS.cpp">
      <Filter>Source\IrrExt</Filter>
    </ClCompile>
  </ItemGroup>
</Project>