<?xml version="1.0" encoding="utf-8"?>
<Project ToolsVersion="4.0" xmlns="http://schemas.microsoft.com/developer/msbuild/2003">
  <ItemGroup>
    <Filter Include="include">
      <UniqueIdentifier>{65dd7a06-1f7d-4e2e-a3e8-d56d9d2ce4b9}</UniqueIdentifier>
    </Filter>
    <Filter Include="source">
      <UniqueIdentifier>{6a883c0c-7422-4ff2-a62f-c8b78fd9f94b}</UniqueIdentifier>
    </Filter>
  </ItemGroup>
  <ItemGroup>
    <ClInclude Include="..\..\include\hrengin\filesystem\hrenginpaths.h">
      <Filter>include</Filter>
    </ClInclude>
    <ClInclude Include="..\..\include\hrengin\filesystem\IFileSystem.h">
      <Filter>include</Filter>
    </ClInclude>
    <ClInclude Include="..\..\include\hrengin\filesystem\IReadFile.h">
      <Filter>include</Filter>
    </ClInclude>
    <ClInclude Include="..\..\include\hrengin\filesystem\IWriteFile.h">
      <Filter>include</Filter>
    </ClInclude>
    <ClInclude Include="CReadFile.h">
      <Filter>source</Filter>
    </ClInclude>
    <ClInclude Include="CFileSystem.h">
      <Filter>source</Filter>
    </ClInclude>
    <ClInclude Include="CHndfParser.h">
      <Filter>source</Filter>
    </ClInclude>
    <ClInclude Include="..\..\include\hrengin\filesystem\IFileParser.h">
      <Filter>include</Filter>
    </ClInclude>
    <ClInclude Include="..\..\include\hrengin\filesystem\hrenginfsutil.h">
      <Filter>include</Filter>
    </ClInclude>
  </ItemGroup>
  <ItemGroup>
    <ClCompile Include="CReadFile.cpp">
      <Filter>source</Filter>
    </ClCompile>
    <ClCompile Include="CFileSystem.cpp">
      <Filter>source</Filter>
    </ClCompile>
    <ClCompile Include="CHndfParser.cpp">
      <Filter>source</Filter>
    </ClCompile>
    <ClCompile Include="hrenginfsutil.cpp">
      <Filter>source</Filter>
    </ClCompile>
  </ItemGroup>
</Project>